
Microsoft Visual Studio Solution File, Format Version 12.00
# Visual Studio Version 16
VisualStudioVersion = 16.0.30804.86
MinimumVisualStudioVersion = 10.0.40219.1
Project("{FAE04EC0-301F-11D3-BF4B-00C04F79EFBC}") = "OnlineBooks", "OnlineBooks.csproj", "{735F6ACA-6F35-49E7-9143-FB52DDFE7913}"
EndProject
Global
	GlobalSection(SolutionConfigurationPlatforms) = preSolution
		Debug|Any CPU = Debug|Any CPU
		Release|Any CPU = Release|Any CPU
	EndGlobalSection
	GlobalSection(ProjectConfigurationPlatforms) = postSolution
		{735F6ACA-6F35-49E7-9143-FB52DDFE7913}.Debug|Any CPU.ActiveCfg = Debug|Any CPU
		{735F6ACA-6F35-49E7-9143-FB52DDFE7913}.Debug|Any CPU.Build.0 = Debug|Any CPU
		{735F6ACA-6F35-49E7-9143-FB52DDFE7913}.Release|Any CPU.ActiveCfg = Release|Any CPU
		{735F6ACA-6F35-49E7-9143-FB52DDFE7913}.Release|Any CPU.Build.0 = Release|Any CPU
	EndGlobalSection
	GlobalSection(SolutionProperties) = preSolution
		HideSolutionNode = FALSE
	EndGlobalSection
	GlobalSection(ExtensibilityGlobals) = postSolution
		SolutionGuid = {8F8CB33D-E28A-4436-9EBD-42D23BC856F8}
	EndGlobalSection
EndGlobal
